{
  "name": "terminal",
  "version": "0.1.1",
  "lockfileVersion": 3,
  "requires": true,
  "packages": {
    "": {
      "name": "terminal",
      "version": "0.1.1",
      "dependencies": {
        "tree-kill": "1.2.2"
      },
      "devDependencies": {
        "@types/mocha": "^10.0.10",
        "@types/node": "22.13.14",
        "@types/vscode": "^1.99.0",
        "typescript": "5.6.3"
      },
      "engines": {
        "vscode": "^1.90.0"
      }
    },
    "node_modules/@types/mocha": {
      "version": "10.0.10",
      "resolved": "https://registry.npmjs.org/@types/mocha/-/mocha-10.0.10.tgz",
      "integrity": "sha512-xPyYSz1cMPnJQhl0CLMH68j3gprKZaTjG3s5Vi+fDgx+uhG9NOXwbVt52eFS8ECyXhyKcjDLCBEqBExKuiZb7Q==",
      "dev": true,
      "license": "MIT"
    },
    "node_modules/@types/node": {
      "version": "22.13.14",
      "resolved": "https://registry.npmjs.org/@types/node/-/node-22.13.14.tgz",
      "integrity": "sha512-Zs/Ollc1SJ8nKUAgc7ivOEdIBM8JAKgrqqUYi2J997JuKO7/tpQC+WCetQ1sypiKCQWHdvdg9wBNpUPEWZae7w==",
      "dev": true,
      "license": "MIT",
      "dependencies": {
        "undici-types": "~6.20.0"
      }
    },
    "node_modules/@types/vscode": {
      "version": "1.99.0",
      "resolved": "https://registry.npmjs.org/@types/vscode/-/vscode-1.99.0.tgz",
      "integrity": "sha512-30sjmas1hQ0gVbX68LAWlm/YYlEqUErunPJJKLpEl+xhK0mKn+jyzlCOpsdTwfkZfPy4U6CDkmygBLC3AB8W9Q==",
      "dev": true,
      "license": "MIT"
    },
    "node_modules/tree-kill": {
      "version": "1.2.2",
      "resolved": "https://registry.npmjs.org/tree-kill/-/tree-kill-1.2.2.tgz",
      "integrity": "sha512-L0Orpi8qGpRG//Nd+H90vFB+3iHnue1zSSGmNOOCh1GLJ7rUKVwV2HvijphGQS2UmhUZewS9VgvxYIdgr+fG1A==",
      "bin": {
        "tree-kill": "cli.js"
      }
    },
    "node_modules/typescript": {
      "version": "5.6.3",
      "resolved": "https://registry.npmjs.org/typescript/-/typescript-5.6.3.tgz",
      "integrity": "sha512-hjcS1mhfuyi4WW8IWtjP7brDrG2cuDZukyrYrSauoXGNgx0S7zceP07adYkJycEr56BOUTNPzbInooiN3fn1qw==",
      "dev": true,
      "bin": {
        "tsc": "bin/tsc",
        "tsserver": "bin/tsserver"
      },
      "engines": {
        "node": ">=14.17"
      }
    },
    "node_modules/undici-types": {
      "version": "6.20.0",
      "resolved": "https://registry.npmjs.org/undici-types/-/undici-types-6.20.0.tgz",
      "integrity": "sha512-Ny6QZ2Nju20vw1SRHe3d9jVu6gJ+4e3+MMpqu7pqE5HT6WsTSlce++GQmK5UXS8mzV8DSYHrQH+Xrf2jVcuKNg==",
      "dev": true,
      "license": "MIT"
    }
  }
}
